
Microsoft Visual Studio Solution File, Format Version 12.00
# Visual Studio Version 17
VisualStudioVersion = 17.4.33403.182
MinimumVisualStudioVersion = 10.0.40219.1
Project("{FAE04EC0-301F-11D3-BF4B-00C04F79EFBC}") = "ToDOList", "ToDOList\ToDOList.csproj", "{DAD52271-6D2B-4DA9-BBDD-46CF105DE8F2}"
EndProject
Global
	GlobalSection(SolutionConfigurationPlatforms) = preSolution
		Debug|Any CPU = Debug|Any CPU
		Release|Any CPU = Release|Any CPU
	EndGlobalSection
	GlobalSection(ProjectConfigurationPlatforms) = postSolution
		{DAD52271-6D2B-4DA9-BBDD-46CF105DE8F2}.Debug|Any CPU.ActiveCfg = Debug|Any CPU
		{DAD52271-6D2B-4DA9-BBDD-46CF105DE8F2}.Debug|Any CPU.Build.0 = Debug|Any CPU
		{DAD52271-6D2B-4DA9-BBDD-46CF105DE8F2}.Release|Any CPU.ActiveCfg = Release|Any CPU
		{DAD52271-6D2B-4DA9-BBDD-46CF105DE8F2}.Release|Any CPU.Build.0 = Release|Any CPU
	EndGlobalSection
	GlobalSection(SolutionProperties) = preSolution
		HideSolutionNode = FALSE
	EndGlobalSection
	GlobalSection(ExtensibilityGlobals) = postSolution
		SolutionGuid = {D8E7F854-DBF8-42E0-A254-7BF40B523D33}
	EndGlobalSection
EndGlobal
